<?xml version="1.0" encoding="UTF-8"?>
<CodeBlocks_project_file>
	<FileVersion major="1" minor="6"/>
	<Project>
		<Option title="metacc"/>
		<Option makefile_is_custom="1"/>
		<Option compiler="gcc"/>
		<Option virtualFolders="CMake Files\;"/>
		<Build>
			<Target title="all">
				<Option working_dir="/home/handy/Dropbox/linux/work/yacc/metacc/dev/metacc/debug"/>
				<Option type="4"/>
				<MakeCommands>
					<Build command="/usr/bin/make -j2 -f &quot;/home/handy/Dropbox/linux/work/yacc/metacc/dev/metacc/debug/Makefile&quot;  VERBOSE=1 all"/>
					<CompileFile command="/usr/bin/make -j2 -f &quot;/home/handy/Dropbox/linux/work/yacc/metacc/dev/metacc/debug/Makefile&quot;  VERBOSE=1 &quot;$file&quot;"/>
					<Clean command="/usr/bin/make -j2 -f &quot;/home/handy/Dropbox/linux/work/yacc/metacc/dev/metacc/debug/Makefile&quot;  VERBOSE=1 clean"/>
					<DistClean command="/usr/bin/make -j2 -f &quot;/home/handy/Dropbox/linux/work/yacc/metacc/dev/metacc/debug/Makefile&quot;  VERBOSE=1 clean"/>
				</MakeCommands>
			</Target>
			<Target title="rebuild_cache">
				<Option working_dir="/home/handy/Dropbox/linux/work/yacc/metacc/dev/metacc/debug"/>
				<Option type="4"/>
				<MakeCommands>
					<Build command="/usr/bin/make -j2 -f &quot;/home/handy/Dropbox/linux/work/yacc/metacc/dev/metacc/debug/Makefile&quot;  VERBOSE=1 rebuild_cache"/>
					<CompileFile command="/usr/bin/make -j2 -f &quot;/home/handy/Dropbox/linux/work/yacc/metacc/dev/metacc/debug/Makefile&quot;  VERBOSE=1 &quot;$file&quot;"/>
					<Clean command="/usr/bin/make -j2 -f &quot;/home/handy/Dropbox/linux/work/yacc/metacc/dev/metacc/debug/Makefile&quot;  VERBOSE=1 clean"/>
					<DistClean command="/usr/bin/make -j2 -f &quot;/home/handy/Dropbox/linux/work/yacc/metacc/dev/metacc/debug/Makefile&quot;  VERBOSE=1 clean"/>
				</MakeCommands>
			</Target>
			<Target title="edit_cache">
				<Option working_dir="/home/handy/Dropbox/linux/work/yacc/metacc/dev/metacc/debug"/>
				<Option type="4"/>
				<MakeCommands>
					<Build command="/usr/bin/make -j2 -f &quot;/home/handy/Dropbox/linux/work/yacc/metacc/dev/metacc/debug/Makefile&quot;  VERBOSE=1 edit_cache"/>
					<CompileFile command="/usr/bin/make -j2 -f &quot;/home/handy/Dropbox/linux/work/yacc/metacc/dev/metacc/debug/Makefile&quot;  VERBOSE=1 &quot;$file&quot;"/>
					<Clean command="/usr/bin/make -j2 -f &quot;/home/handy/Dropbox/linux/work/yacc/metacc/dev/metacc/debug/Makefile&quot;  VERBOSE=1 clean"/>
					<DistClean command="/usr/bin/make -j2 -f &quot;/home/handy/Dropbox/linux/work/yacc/metacc/dev/metacc/debug/Makefile&quot;  VERBOSE=1 clean"/>
				</MakeCommands>
			</Target>
			<Target title="test">
				<Option working_dir="/home/handy/Dropbox/linux/work/yacc/metacc/dev/metacc/debug"/>
				<Option type="4"/>
				<MakeCommands>
					<Build command="/usr/bin/make -j2 -f &quot;/home/handy/Dropbox/linux/work/yacc/metacc/dev/metacc/debug/Makefile&quot;  VERBOSE=1 test"/>
					<CompileFile command="/usr/bin/make -j2 -f &quot;/home/handy/Dropbox/linux/work/yacc/metacc/dev/metacc/debug/Makefile&quot;  VERBOSE=1 &quot;$file&quot;"/>
					<Clean command="/usr/bin/make -j2 -f &quot;/home/handy/Dropbox/linux/work/yacc/metacc/dev/metacc/debug/Makefile&quot;  VERBOSE=1 clean"/>
					<DistClean command="/usr/bin/make -j2 -f &quot;/home/handy/Dropbox/linux/work/yacc/metacc/dev/metacc/debug/Makefile&quot;  VERBOSE=1 clean"/>
				</MakeCommands>
			</Target>
			<Target title="metacc">
				<Option output="/home/handy/Dropbox/linux/work/yacc/metacc/dev/metacc/debug/metacc" prefix_auto="0" extension_auto="0"/>
				<Option working_dir="/home/handy/Dropbox/linux/work/yacc/metacc/dev/metacc/debug"/>
				<Option object_output="./"/>
				<Option type="1"/>
				<Option compiler="gcc"/>
				<Compiler>
					<Add directory="/home/handy/work/yacc/metacc/dev/metacc_cmake/metacc/."/>
					<Add directory="/home/handy/Dropbox/linux/work/yacc/metacc/dev/metacc/debug"/>
					<Add directory="/usr/include/c++/9"/>
					<Add directory="/usr/include/x86_64-linux-gnu/c++/9"/>
					<Add directory="/usr/include/c++/9/backward"/>
					<Add directory="/usr/lib/gcc/x86_64-linux-gnu/9/include"/>
					<Add directory="/usr/local/include"/>
					<Add directory="/usr/include/x86_64-linux-gnu"/>
					<Add directory="/usr/include"/>
				</Compiler>
				<MakeCommands>
					<Build command="/usr/bin/make -j2 -f &quot;/home/handy/Dropbox/linux/work/yacc/metacc/dev/metacc/debug/Makefile&quot;  VERBOSE=1 metacc"/>
					<CompileFile command="/usr/bin/make -j2 -f &quot;/home/handy/Dropbox/linux/work/yacc/metacc/dev/metacc/debug/Makefile&quot;  VERBOSE=1 &quot;$file&quot;"/>
					<Clean command="/usr/bin/make -j2 -f &quot;/home/handy/Dropbox/linux/work/yacc/metacc/dev/metacc/debug/Makefile&quot;  VERBOSE=1 clean"/>
					<DistClean command="/usr/bin/make -j2 -f &quot;/home/handy/Dropbox/linux/work/yacc/metacc/dev/metacc/debug/Makefile&quot;  VERBOSE=1 clean"/>
				</MakeCommands>
			</Target>
			<Target title="metacc/fast">
				<Option output="/home/handy/Dropbox/linux/work/yacc/metacc/dev/metacc/debug/metacc" prefix_auto="0" extension_auto="0"/>
				<Option working_dir="/home/handy/Dropbox/linux/work/yacc/metacc/dev/metacc/debug"/>
				<Option object_output="./"/>
				<Option type="1"/>
				<Option compiler="gcc"/>
				<Compiler>
					<Add directory="/home/handy/work/yacc/metacc/dev/metacc_cmake/metacc/."/>
					<Add directory="/home/handy/Dropbox/linux/work/yacc/metacc/dev/metacc/debug"/>
					<Add directory="/usr/include/c++/9"/>
					<Add directory="/usr/include/x86_64-linux-gnu/c++/9"/>
					<Add directory="/usr/include/c++/9/backward"/>
					<Add directory="/usr/lib/gcc/x86_64-linux-gnu/9/include"/>
					<Add directory="/usr/local/include"/>
					<Add directory="/usr/include/x86_64-linux-gnu"/>
					<Add directory="/usr/include"/>
				</Compiler>
				<MakeCommands>
					<Build command="/usr/bin/make -j2 -f &quot;/home/handy/Dropbox/linux/work/yacc/metacc/dev/metacc/debug/Makefile&quot;  VERBOSE=1 metacc/fast"/>
					<CompileFile command="/usr/bin/make -j2 -f &quot;/home/handy/Dropbox/linux/work/yacc/metacc/dev/metacc/debug/Makefile&quot;  VERBOSE=1 &quot;$file&quot;"/>
					<Clean command="/usr/bin/make -j2 -f &quot;/home/handy/Dropbox/linux/work/yacc/metacc/dev/metacc/debug/Makefile&quot;  VERBOSE=1 clean"/>
					<DistClean command="/usr/bin/make -j2 -f &quot;/home/handy/Dropbox/linux/work/yacc/metacc/dev/metacc/debug/Makefile&quot;  VERBOSE=1 clean"/>
				</MakeCommands>
			</Target>
		</Build>
		<Unit filename="/home/handy/Dropbox/linux/work/yacc/metacc/dev/metacc/debug/mcc_parser.tab.cc">
			<Option target="metacc"/>
		</Unit>
		<Unit filename="/home/handy/Dropbox/linux/work/yacc/metacc/dev/metacc/debug/mcc_parser.tab.cc.rule">
			<Option target="metacc"/>
		</Unit>
		<Unit filename="/home/handy/Dropbox/linux/work/yacc/metacc/dev/metacc/debug/mcc_parser.tab.hh">
			<Option target="metacc"/>
		</Unit>
		<Unit filename="/home/handy/Dropbox/linux/work/yacc/metacc/dev/metacc/debug/mcc_parser.yy.cc">
			<Option target="metacc"/>
		</Unit>
		<Unit filename="/home/handy/Dropbox/linux/work/yacc/metacc/dev/metacc/debug/mcc_parser.yy.cc.rule">
			<Option target="metacc"/>
		</Unit>
		<Unit filename="/home/handy/work/yacc/metacc/dev/metacc_cmake/metacc/ast.h">
			<Option target="metacc"/>
		</Unit>
		<Unit filename="/home/handy/work/yacc/metacc/dev/metacc_cmake/metacc/ast_action.cpp">
			<Option target="metacc"/>
		</Unit>
		<Unit filename="/home/handy/work/yacc/metacc/dev/metacc_cmake/metacc/ast_common.cpp">
			<Option target="metacc"/>
		</Unit>
		<Unit filename="/home/handy/work/yacc/metacc/dev/metacc_cmake/metacc/ast_describe.cpp">
			<Option target="metacc"/>
		</Unit>
		<Unit filename="/home/handy/work/yacc/metacc/dev/metacc_cmake/metacc/ast_glance.cpp">
			<Option target="metacc"/>
		</Unit>
		<Unit filename="/home/handy/work/yacc/metacc/dev/metacc_cmake/metacc/main.cpp">
			<Option target="metacc"/>
		</Unit>
		<Unit filename="/home/handy/work/yacc/metacc/dev/metacc_cmake/metacc/CMakeLists.txt">
			<Option virtualFolder="CMake Files\"/>
		</Unit>
	</Project>
</CodeBlocks_project_file>
